
Microsoft Visual Studio Solution File, Format Version 12.00
# Visual Studio Express 2012 for Web
Project("{E24C65DC-7377-472B-9ABA-BC803B73C61A}") = "BookExchange", ".", "{4014DB78-6995-4C38-9C44-972F16E586D8}"
	ProjectSection(WebsiteProperties) = preProject
		TargetFrameworkMoniker = ".NETFramework,Version%3Dv4.5"
		Debug.AspNetCompiler.VirtualPath = "/BookExchange"
		Debug.AspNetCompiler.PhysicalPath = "..\..\..\GitHub\BookExchange\BookExchange\"
		Debug.AspNetCompiler.TargetPath = "PrecompiledWeb\BookExchange\"
		Debug.AspNetCompiler.Updateable = "true"
		Debug.AspNetCompiler.ForceOverwrite = "true"
		Debug.AspNetCompiler.FixedNames = "false"
		Debug.AspNetCompiler.Debug = "True"
		Release.AspNetCompiler.VirtualPath = "/BookExchange"
		Release.AspNetCompiler.PhysicalPath = "..\..\..\GitHub\BookExchange\BookExchange\"
		Release.AspNetCompiler.TargetPath = "PrecompiledWeb\BookExchange\"
		Release.AspNetCompiler.Updateable = "true"
		Release.AspNetCompiler.ForceOverwrite = "true"
		Release.AspNetCompiler.FixedNames = "false"
		Release.AspNetCompiler.Debug = "False"
		VWDPort = "50075"
	EndProjectSection
EndProject
Global
	GlobalSection(SolutionConfigurationPlatforms) = preSolution
		Debug|Any CPU = Debug|Any CPU
	EndGlobalSection
	GlobalSection(ProjectConfigurationPlatforms) = postSolution
		{4014DB78-6995-4C38-9C44-972F16E586D8}.Debug|Any CPU.ActiveCfg = Debug|Any CPU
		{4014DB78-6995-4C38-9C44-972F16E586D8}.Debug|Any CPU.Build.0 = Debug|Any CPU
	EndGlobalSection
	GlobalSection(SolutionProperties) = preSolution
		HideSolutionNode = FALSE
	EndGlobalSection
EndGlobal
